# THIS IS AN AUTOGENERATED FILE. DO NOT EDIT THIS FILE DIRECTLY.
# yarn lockfile v1


"@types/trusted-types@^2.0.7":
  version "2.0.7"
  resolved "https://registry.yarnpkg.com/@types/trusted-types/-/trusted-types-2.0.7.tgz#baccb07a970b91707df3a3e8ba6896c57ead2d11"
  integrity sha512-ScaPdn1dQczgbl0QFTeTOmVHFULt394XJgOQNoyVhZ6r2vLnMLJfBPd53SB52T/3G36VI1/g2MZaX0cwDuXsfw==

dompurify@3.2.7:
  version "3.2.7"
  resolved "https://registry.yarnpkg.com/dompurify/-/dompurify-3.2.7.tgz#721d63913db5111dd6dfda8d3a748cfd7982d44a"
  integrity sha512-WhL/YuveyGXJaerVlMYGWhvQswa7myDG17P7Vu65EWC05o8vfeNbvNf4d/BOvH99+ZW+LlQsc1GDKMa1vNK6dw==
  optionalDependencies:
    "@types/trusted-types" "^2.0.7"

marked@14.0.0:
  version "14.0.0"
  resolved "https://registry.yarnpkg.com/marked/-/marked-14.0.0.tgz#79a1477358a59e0660276f8fec76de2c33f35d83"
  integrity sha512-uIj4+faQ+MgHgwUW1l2PsPglZLOLOT1uErt06dAPtx2kjteLAkbsd/0FiYg/MGS+i7ZKLb7w2WClxHkzOOuryQ==

monaco-editor@latest:
  version "0.55.1"
  resolved "https://registry.yarnpkg.com/monaco-editor/-/monaco-editor-0.55.1.tgz#e74c6fe5a6bf985b817d2de3eb88d56afc494a1b"
  integrity sha512-jz4x+TJNFHwHtwuV9vA9rMujcZRb0CEilTEwG2rRSpe/A7Jdkuj8xPKttCgOh+v/lkHy7HsZ64oj+q3xoAFl9A==
  dependencies:
    dompurify "3.2.7"
    marked "14.0.0"

requirejs@2.3.7:
  version "2.3.7"
  resolved "https://registry.npmjs.org/requirejs/-/requirejs-2.3.7.tgz"
  integrity sha512-DouTG8T1WanGok6Qjg2SXuCMzszOo0eHeH9hDZ5Y4x8Je+9JB38HdTLT4/VA8OaUhBa0JPVHJ0pyBkM1z+pDsw==

typescript@latest:
  version "5.9.3"
  resolved "https://registry.yarnpkg.com/typescript/-/typescript-5.9.3.tgz#5b4f59e15310ab17a216f5d6cf53ee476ede670f"
  integrity sha512-jl1vZzPDinLr9eUt3J/t7V6FgNEw9QjvBPdysz9KfQDD41fQrC2Y4vKQdiaUpFT4bXlb1RHhLpp8wtm6M5TgSw==
