# THIS IS AN AUTOGENERATED FILE. DO NOT EDIT THIS FILE DIRECTLY.
# yarn lockfile v1


monaco-editor@0.14.3:
  version "0.14.3"
  resolved "https://registry.yarnpkg.com/monaco-editor/-/monaco-editor-0.14.3.tgz#7cc4a4096a3821f52fea9b10489b527ef3034e22"
  integrity sha512-RhaO4xXmWn/p0WrkEOXe4PoZj6xOcvDYjoAh0e1kGUrQnP1IOpc0m86Ceuaa2CLEMDINqKijBSmqhvBQnsPLHQ==

requirejs@2.3.6:
  version "2.3.6"
  resolved "https://registry.yarnpkg.com/requirejs/-/requirejs-2.3.6.tgz#e5093d9601c2829251258c0b9445d4d19fa9e7c9"
  integrity sha512-ipEzlWQe6RK3jkzikgCupiTbTvm4S0/CAU5GlgptkN5SO6F3u0UD0K18wy6ErDqiCyP4J4YYe1HuAShvsxePLg==
